# This file is automatically @generated by Cargo.
# It is not intended for manual editing.
[[package]]
name = "bitreader"
version = "0.3.1"
source = "registry+https://github.com/rust-lang/crates.io-index"

[[package]]
name = "exitcode"
version = "1.1.2"
source = "registry+https://github.com/rust-lang/crates.io-index"

[[package]]
name = "streamreader"
version = "0.1.0"
dependencies = [
 "bitreader 0.3.1 (registry+https://github.com/rust-lang/crates.io-index)",
 "exitcode 1.1.2 (registry+https://github.com/rust-lang/crates.io-index)",
]

[metadata]
"checksum bitreader 0.3.1 (registry+https://github.com/rust-lang/crates.io-index)" = "a13e712f6e04f0e507a913abf5e008ba2a342ec26d9fac34ba0766bd77ced5b8"
"checksum exitcode 1.1.2 (registry+https://github.com/rust-lang/crates.io-index)" = "de853764b47027c2e862a995c34978ffa63c1501f2e15f987ba11bd4f9bba193"
